// !$*UTF8*$!
{
	archiveVersion = 1;
	classes = {
	};
	objectVersion = 50;
	objects = {

/* Begin PBXBuildFile section */
		AE04590625B134BF00D5429E /* AppDelegate.swift in Sources */ = {isa = PBXBuildFile; fileRef = AE04590525B134BF00D5429E /* AppDelegate.swift */; };
		AE04590A25B134C000D5429E /* mainViewController.swift in Sources */ = {isa = PBXBuildFile; fileRef = AE04590925B134C000D5429E /* mainViewController.swift */; };
		AE04590D25B134C000D5429E /* Main.storyboard in Resources */ = {isa = PBXBuildFile; fileRef = AE04590B25B134C000D5429E /* Main.storyboard */; };
		AE04590F25B134C400D5429E /* Assets.xcassets in Resources */ = {isa = PBXBuildFile; fileRef = AE04590E25B134C400D5429E /* Assets.xcassets */; };
		AE04591225B134C400D5429E /* LaunchScreen.storyboard in Resources */ = {isa = PBXBuildFile; fileRef = AE04591025B134C400D5429E /* LaunchScreen.storyboard */; };
		AEAF2BA925B1EE5F00C04522 /* postsTableViewCell.swift in Sources */ = {isa = PBXBuildFile; fileRef = AEAF2BA825B1EE5F00C04522 /* postsTableViewCell.swift */; };
		AEAF2C7B25B2434600C04522 /* serviceModel.swift in Sources */ = {isa = PBXBuildFile; fileRef = AEAF2C7A25B2434600C04522 /* serviceModel.swift */; };
		AEAF2C9925B28B2300C04522 /* detailViewController.swift in Sources */ = {isa = PBXBuildFile; fileRef = AEAF2C9825B28B2300C04522 /* detailViewController.swift */; };
		AEB3BA5625B35D9C00E8A759 /* iPad.storyboard in Resources */ = {isa = PBXBuildFile; fileRef = AEB3BA5525B35D9C00E8A759 /* iPad.storyboard */; };
/* End PBXBuildFile section */

/* Begin PBXFileReference section */
		AE04590225B134BF00D5429E /* ios-test.app */ = {isa = PBXFileReference; explicitFileType = wrapper.application; includeInIndex = 0; path = "ios-test.app"; sourceTree = BUILT_PRODUCTS_DIR; };
		AE04590525B134BF00D5429E /* AppDelegate.swift */ = {isa = PBXFileReference; lastKnownFileType = sourcecode.swift; path = AppDelegate.swift; sourceTree = "<group>"; };
		AE04590925B134C000D5429E /* mainViewController.swift */ = {isa = PBXFileReference; lastKnownFileType = sourcecode.swift; path = mainViewController.swift; sourceTree = "<group>"; };
		AE04590C25B134C000D5429E /* Base */ = {isa = PBXFileReference; lastKnownFileType = file.storyboard; name = Base; path = Base.lproj/Main.storyboard; sourceTree = "<group>"; };
		AE04590E25B134C400D5429E /* Assets.xcassets */ = {isa = PBXFileReference; lastKnownFileType = folder.assetcatalog; path = Assets.xcassets; sourceTree = "<group>"; };
		AE04591125B134C400D5429E /* Base */ = {isa = PBXFileReference; lastKnownFileType = file.storyboard; name = Base; path = Base.lproj/LaunchScreen.storyboard; sourceTree = "<group>"; };
		AE04591325B134C400D5429E /* Info.plist */ = {isa = PBXFileReference; lastKnownFileType = text.plist.xml; path = Info.plist; sourceTree = "<group>"; };
		AEAF2BA825B1EE5F00C04522 /* postsTableViewCell.swift */ = {isa = PBXFileReference; lastKnownFileType = sourcecode.swift; path = postsTableViewCell.swift; sourceTree = "<group>"; };
		AEAF2C7A25B2434600C04522 /* serviceModel.swift */ = {isa = PBXFileReference; lastKnownFileType = sourcecode.swift; path = serviceModel.swift; sourceTree = "<group>"; };
		AEAF2C9825B28B2300C04522 /* detailViewController.swift */ = {isa = PBXFileReference; lastKnownFileType = sourcecode.swift; path = detailViewController.swift; sourceTree = "<group>"; };
		AEB3BA5525B35D9C00E8A759 /* iPad.storyboard */ = {isa = PBXFileReference; lastKnownFileType = file.storyboard; path = iPad.storyboard; sourceTree = "<group>"; };
/* End PBXFileReference section */

/* Begin PBXFrameworksBuildPhase section */
		AE0458FF25B134BF00D5429E /* Frameworks */ = {
			isa = PBXFrameworksBuildPhase;
			buildActionMask = 2147483647;
			files = (
			);
			runOnlyForDeploymentPostprocessing = 0;
		};
/* End PBXFrameworksBuildPhase section */

/* Begin PBXGroup section */
		AE0458F925B134BF00D5429E = {
			isa = PBXGroup;
			children = (
				AE04590425B134BF00D5429E /* ios-test */,
				AE04590325B134BF00D5429E /* Products */,
			);
			sourceTree = "<group>";
		};
		AE04590325B134BF00D5429E /* Products */ = {
			isa = PBXGroup;
			children = (
				AE04590225B134BF00D5429E /* ios-test.app */,
			);
			name = Products;
			sourceTree = "<group>";
		};
		AE04590425B134BF00D5429E /* ios-test */ = {
			isa = PBXGroup;
			children = (
				AE04590525B134BF00D5429E /* AppDelegate.swift */,
				AEAF2C9125B280F200C04522 /* ViewControllers */,
				AEAF2B9025B1E21C00C04522 /* Models */,
				AEAF2C9425B289C700C04522 /* cell */,
				AE04590B25B134C000D5429E /* Main.storyboard */,
				AE04590E25B134C400D5429E /* Assets.xcassets */,
				AE04591025B134C400D5429E /* LaunchScreen.storyboard */,
				AE04591325B134C400D5429E /* Info.plist */,
				AEB3BA5525B35D9C00E8A759 /* iPad.storyboard */,
			);
			path = "ios-test";
			sourceTree = "<group>";
		};
		AEAF2B9025B1E21C00C04522 /* Models */ = {
			isa = PBXGroup;
			children = (
				AEAF2C7A25B2434600C04522 /* serviceModel.swift */,
			);
			path = Models;
			sourceTree = "<group>";
		};
		AEAF2C9125B280F200C04522 /* ViewControllers */ = {
			isa = PBXGroup;
			children = (
				AE04590925B134C000D5429E /* mainViewController.swift */,
				AEAF2C9825B28B2300C04522 /* detailViewController.swift */,
			);
			path = ViewControllers;
			sourceTree = "<group>";
		};
		AEAF2C9425B289C700C04522 /* cell */ = {
			isa = PBXGroup;
			children = (
				AEAF2BA825B1EE5F00C04522 /* postsTableViewCell.swift */,
			);
			path = cell;
			sourceTree = "<group>";
		};
/* End PBXGroup section */

/* Begin PBXNativeTarget section */
		AE04590125B134BF00D5429E /* ios-test */ = {
			isa = PBXNativeTarget;
			buildConfigurationList = AE04591625B134C400D5429E /* Build configuration list for PBXNativeTarget "ios-test" */;
			buildPhases = (
				AE0458FE25B134BF00D5429E /* Sources */,
				AE0458FF25B134BF00D5429E /* Frameworks */,
				AE04590025B134BF00D5429E /* Resources */,
			);
			buildRules = (
			);
			dependencies = (
			);
			name = "ios-test";
			productName = "ios-test";
			productReference = AE04590225B134BF00D5429E /* ios-test.app */;
			productType = "com.apple.product-type.application";
		};
/* End PBXNativeTarget section */

/* Begin PBXProject section */
		AE0458FA25B134BF00D5429E /* Project object */ = {
			isa = PBXProject;
			attributes = {
				LastSwiftUpdateCheck = 1230;
				LastUpgradeCheck = 1230;
				TargetAttributes = {
					AE04590125B134BF00D5429E = {
						CreatedOnToolsVersion = 12.3;
					};
				};
			};
			buildConfigurationList = AE0458FD25B134BF00D5429E /* Build configuration list for PBXProject "ios-test" */;
			compatibilityVersion = "Xcode 9.3";
			developmentRegion = en;
			hasScannedForEncodings = 0;
			knownRegions = (
				en,
				Base,
			);
			mainGroup = AE0458F925B134BF00D5429E;
			productRefGroup = AE04590325B134BF00D5429E /* Products */;
			projectDirPath = "";
			projectRoot = "";
			targets = (
				AE04590125B134BF00D5429E /* ios-test */,
			);
		};
/* End PBXProject section */

/* Begin PBXResourcesBuildPhase section */
		AE04590025B134BF00D5429E /* Resources */ = {
			isa = PBXResourcesBuildPhase;
			buildActionMask = 2147483647;
			files = (
				AEB3BA5625B35D9C00E8A759 /* iPad.storyboard in Resources */,
				AE04591225B134C400D5429E /* LaunchScreen.storyboard in Resources */,
				AE04590F25B134C400D5429E /* Assets.xcassets in Resources */,
				AE04590D25B134C000D5429E /* Main.storyboard in Resources */,
			);
			runOnlyForDeploymentPostprocessing = 0;
		};
/* End PBXResourcesBuildPhase section */

/* Begin PBXSourcesBuildPhase section */
		AE0458FE25B134BF00D5429E /* Sources */ = {
			isa = PBXSourcesBuildPhase;
			buildActionMask = 2147483647;
			files = (
				AE04590A25B134C000D5429E /* mainViewController.swift in Sources */,
				AEAF2BA925B1EE5F00C04522 /* postsTableViewCell.swift in Sources */,
				AE04590625B134BF00D5429E /* AppDelegate.swift in Sources */,
				AEAF2C9925B28B2300C04522 /* detailViewController.swift in Sources */,
				AEAF2C7B25B2434600C04522 /* serviceModel.swift in Sources */,
			);
			runOnlyForDeploymentPostprocessing = 0;
		};
/* End PBXSourcesBuildPhase section */

/* Begin PBXVariantGroup section */
		AE04590B25B134C000D5429E /* Main.storyboard */ = {
			isa = PBXVariantGroup;
			children = (
				AE04590C25B134C000D5429E /* Base */,
			);
			name = Main.storyboard;
			sourceTree = "<group>";
		};
		AE04591025B134C400D5429E /* LaunchScreen.storyboard */ = {
			isa = PBXVariantGroup;
			children = (
				AE04591125B134C400D5429E /* Base */,
			);
			name = LaunchScreen.storyboard;
			sourceTree = "<group>";
		};
/* End PBXVariantGroup section */

/* Begin XCBuildConfiguration section */
		AE04591425B134C400D5429E /* Debug */ = {
			isa = XCBuildConfiguration;
			buildSettings = {
				ALWAYS_SEARCH_USER_PATHS = NO;
				CLANG_ANALYZER_LOCALIZABILITY_NONLOCALIZED = YES;
				CLANG_ANALYZER_NONNULL = YES;
				CLANG_ANALYZER_NUMBER_OBJECT_CONVERSION = YES_AGGRESSIVE;
				CLANG_CXX_LANGUAGE_STANDARD = "gnu++14";
				CLANG_CXX_LIBRARY = "libc++";
				CLANG_ENABLE_MODULES = YES;
				CLANG_ENABLE_OBJC_ARC = YES;
				CLANG_ENABLE_OBJC_WEAK = YES;
				CLANG_WARN_BLOCK_CAPTURE_AUTORELEASING = YES;
				CLANG_WARN_BOOL_CONVERSION = YES;
				CLANG_WARN_COMMA = YES;
				CLANG_WARN_CONSTANT_CONVERSION = YES;
				CLANG_WARN_DEPRECATED_OBJC_IMPLEMENTATIONS = YES;
				CLANG_WARN_DIRECT_OBJC_ISA_USAGE = YES_ERROR;
				CLANG_WARN_DOCUMENTATION_COMMENTS = YES;
				CLANG_WARN_EMPTY_BODY = YES;
				CLANG_WARN_ENUM_CONVERSION = YES;
				CLANG_WARN_INFINITE_RECURSION = YES;
				CLANG_WARN_INT_CONVERSION = YES;
				CLANG_WARN_NON_LITERAL_NULL_CONVERSION = YES;
				CLANG_WARN_OBJC_IMPLICIT_RETAIN_SELF = YES;
				CLANG_WARN_OBJC_LITERAL_CONVERSION = YES;
				CLANG_WARN_OBJC_ROOT_CLASS = YES_ERROR;
				CLANG_WARN_QUOTED_INCLUDE_IN_FRAMEWORK_HEADER = YES;
				CLANG_WARN_RANGE_LOOP_ANALYSIS = YES;
				CLANG_WARN_STRICT_PROTOTYPES = YES;
				CLANG_WARN_SUSPICIOUS_MOVE = YES;
				CLANG_WARN_UNGUARDED_AVAILABILITY = YES_AGGRESSIVE;
				CLANG_WARN_UNREACHABLE_CODE = YES;
				CLANG_WARN__DUPLICATE_METHOD_MATCH = YES;
				COPY_PHASE_STRIP = NO;
				DEBUG_INFORMATION_FORMAT = dwarf;
				ENABLE_STRICT_OBJC_MSGSEND = YES;
				ENABLE_TESTABILITY = YES;
				GCC_C_LANGUAGE_STANDARD = gnu11;
				GCC_DYNAMIC_NO_PIC = NO;
				GCC_NO_COMMON_BLOCKS = YES;
				GCC_OPTIMIZATION_LEVEL = 0;
				GCC_PREPROCESSOR_DEFINITIONS = (
					"DEBUG=1",
					"$(inherited)",
				);
				GCC_WARN_64_TO_32_BIT_CONVERSION = YES;
				GCC_WARN_ABOUT_RETURN_TYPE = YES_ERROR;
				GCC_WARN_UNDECLARED_SELECTOR = YES;
				GCC_WARN_UNINITIALIZED_AUTOS = YES_AGGRESSIVE;
				GCC_WARN_UNUSED_FUNCTION = YES;
				GCC_WARN_UNUSED_VARIABLE = YES;
				IPHONEOS_DEPLOYMENT_TARGET = 14.0;
				MTL_ENABLE_DEBUG_INFO = INCLUDE_SOURCE;
				MTL_FAST_MATH = YES;
				ONLY_ACTIVE_ARCH = YES;
				SDKROOT = iphoneos;
				SWIFT_ACTIVE_COMPILATION_CONDITIONS = DEBUG;
				SWIFT_OPTIMIZATION_LEVEL = "-Onone";
			};
			name = Debug;
		};
		AE04591525B134C400D5429E /* Release */ = {
			isa = XCBuildConfiguration;
			buildSettings = {
				ALWAYS_SEARCH_USER_PATHS = NO;
				CLANG_ANALYZER_LOCALIZABILITY_NONLOCALIZED = YES;
				CLANG_ANALYZER_NONNULL = YES;
				CLANG_ANALYZER_NUMBER_OBJECT_CONVERSION = YES_AGGRESSIVE;
				CLANG_CXX_LANGUAGE_STANDARD = "gnu++14";
				CLANG_CXX_LIBRARY = "libc++";
				CLANG_ENABLE_MODULES = YES;
				CLANG_ENABLE_OBJC_ARC = YES;
				CLANG_ENABLE_OBJC_WEAK = YES;
				CLANG_WARN_BLOCK_CAPTURE_AUTORELEASING = YES;
				CLANG_WARN_BOOL_CONVERSION = YES;
				CLANG_WARN_COMMA = YES;
				CLANG_WARN_CONSTANT_CONVERSION = YES;
				CLANG_WARN_DEPRECATED_OBJC_IMPLEMENTATIONS = YES;
				CLANG_WARN_DIRECT_OBJC_ISA_USAGE = YES_ERROR;
				CLANG_WARN_DOCUMENTATION_COMMENTS = YES;
				CLANG_WARN_EMPTY_BODY = YES;
				CLANG_WARN_ENUM_CONVERSION = YES;
				CLANG_WARN_INFINITE_RECURSION = YES;
				CLANG_WARN_INT_CONVERSION = YES;
				CLANG_WARN_NON_LITERAL_NULL_CONVERSION = YES;
				CLANG_WARN_OBJC_IMPLICIT_RETAIN_SELF = YES;
				CLANG_WARN_OBJC_LITERAL_CONVERSION = YES;
				CLANG_WARN_OBJC_ROOT_CLASS = YES_ERROR;
				CLANG_WARN_QUOTED_INCLUDE_IN_FRAMEWORK_HEADER = YES;
				CLANG_WARN_RANGE_LOOP_ANALYSIS = YES;
				CLANG_WARN_STRICT_PROTOTYPES = YES;
				CLANG_WARN_SUSPICIOUS_MOVE = YES;
				CLANG_WARN_UNGUARDED_AVAILABILITY = YES_AGGRESSIVE;
				CLANG_WARN_UNREACHABLE_CODE = YES;
				CLANG_WARN__DUPLICATE_METHOD_MATCH = YES;
				COPY_PHASE_STRIP = NO;
				DEBUG_INFORMATION_FORMAT = "dwarf-with-dsym";
				ENABLE_NS_ASSERTIONS = NO;
				ENABLE_STRICT_OBJC_MSGSEND = YES;
				GCC_C_LANGUAGE_STANDARD = gnu11;
				GCC_NO_COMMON_BLOCKS = YES;
				GCC_WARN_64_TO_32_BIT_CONVERSION = YES;
				GCC_WARN_ABOUT_RETURN_TYPE = YES_ERROR;
				GCC_WARN_UNDECLARED_SELECTOR = YES;
				GCC_WARN_UNINITIALIZED_AUTOS = YES_AGGRESSIVE;
				GCC_WARN_UNUSED_FUNCTION = YES;
				GCC_WARN_UNUSED_VARIABLE = YES;
				IPHONEOS_DEPLOYMENT_TARGET = 14.0;
				MTL_ENABLE_DEBUG_INFO = NO;
				MTL_FAST_MATH = YES;
				SDKROOT = iphoneos;
				SWIFT_COMPILATION_MODE = wholemodule;
				SWIFT_OPTIMIZATION_LEVEL = "-O";
				VALIDATE_PRODUCT = YES;
			};
			name = Release;
		};
		AE04591725B134C400D5429E /* Debug */ = {
			isa = XCBuildConfiguration;
			buildSettings = {
				ASSETCATALOG_COMPILER_APPICON_NAME = AppIcon;
				ASSETCATALOG_COMPILER_GLOBAL_ACCENT_COLOR_NAME = AccentColor;
				CODE_SIGN_STYLE = Automatic;
				DEVELOPMENT_TEAM = R569H7A9M6;
				INFOPLIST_FILE = "ios-test/Info.plist";
				IPHONEOS_DEPLOYMENT_TARGET = 14.0;
				LD_RUNPATH_SEARCH_PATHS = (
					"$(inherited)",
					"@executable_path/Frameworks",
				);
				PRODUCT_BUNDLE_IDENTIFIER = "com.test.ios-test";
				PRODUCT_NAME = "$(TARGET_NAME)";
				SWIFT_VERSION = 5.0;
				TARGETED_DEVICE_FAMILY = "1,2";
			};
			name = Debug;
		};
		AE04591825B134C400D5429E /* Release */ = {
			isa = XCBuildConfiguration;
			buildSettings = {
				ASSETCATALOG_COMPILER_APPICON_NAME = AppIcon;
				ASSETCATALOG_COMPILER_GLOBAL_ACCENT_COLOR_NAME = AccentColor;
				CODE_SIGN_STYLE = Automatic;
				DEVELOPMENT_TEAM = R569H7A9M6;
				INFOPLIST_FILE = "ios-test/Info.plist";
				IPHONEOS_DEPLOYMENT_TARGET = 14.0;
				LD_RUNPATH_SEARCH_PATHS = (
					"$(inherited)",
					"@executable_path/Frameworks",
				);
				PRODUCT_BUNDLE_IDENTIFIER = "com.test.ios-test";
				PRODUCT_NAME = "$(TARGET_NAME)";
				SWIFT_VERSION = 5.0;
				TARGETED_DEVICE_FAMILY = "1,2";
			};
			name = Release;
		};
/* End XCBuildConfiguration section */

/* Begin XCConfigurationList section */
		AE0458FD25B134BF00D5429E /* Build configuration list for PBXProject "ios-test" */ = {
			isa = XCConfigurationList;
			buildConfigurations = (
				AE04591425B134C400D5429E /* Debug */,
				AE04591525B134C400D5429E /* Release */,
			);
			defaultConfigurationIsVisible = 0;
			defaultConfigurationName = Release;
		};
		AE04591625B134C400D5429E /* Build configuration list for PBXNativeTarget "ios-test" */ = {
			isa = XCConfigurationList;
			buildConfigurations = (
				AE04591725B134C400D5429E /* Debug */,
				AE04591825B134C400D5429E /* Release */,
			);
			defaultConfigurationIsVisible = 0;
			defaultConfigurationName = Release;
		};
/* End XCConfigurationList section */
	};
	rootObject = AE0458FA25B134BF00D5429E /* Project object */;
}
